
Microsoft Visual Studio Solution File, Format Version 12.00
# Visual Studio Version 17
VisualStudioVersion = 17.3.32825.248
MinimumVisualStudioVersion = 10.0.40219.1
Project("{FAE04EC0-301F-11D3-BF4B-00C04F79EFBC}") = "Childrens", "Childrens\Childrens.csproj", "{2EF95029-1693-483D-9FCD-3C53D27DD241}"
EndProject
Global
	GlobalSection(SolutionConfigurationPlatforms) = preSolution
		Debug|Any CPU = Debug|Any CPU
		Release|Any CPU = Release|Any CPU
	EndGlobalSection
	GlobalSection(ProjectConfigurationPlatforms) = postSolution
		{2EF95029-1693-483D-9FCD-3C53D27DD241}.Debug|Any CPU.ActiveCfg = Debug|Any CPU
		{2EF95029-1693-483D-9FCD-3C53D27DD241}.Debug|Any CPU.Build.0 = Debug|Any CPU
		{2EF95029-1693-483D-9FCD-3C53D27DD241}.Release|Any CPU.ActiveCfg = Release|Any CPU
		{2EF95029-1693-483D-9FCD-3C53D27DD241}.Release|Any CPU.Build.0 = Release|Any CPU
	EndGlobalSection
	GlobalSection(SolutionProperties) = preSolution
		HideSolutionNode = FALSE
	EndGlobalSection
	GlobalSection(ExtensibilityGlobals) = postSolution
		SolutionGuid = {6CF3E90F-E7D3-4407-836A-8BA17D3785A9}
	EndGlobalSection
EndGlobal
