
Microsoft Visual Studio Solution File, Format Version 12.00
# Visual Studio Version 17
VisualStudioVersion = 17.3.32825.248
MinimumVisualStudioVersion = 10.0.40219.1
Project("{9A19103F-16F7-4668-BE54-9A1E7A4F7556}") = "Childrens.API", "Childrens\Childrens.API.csproj", "{2EF95029-1693-483D-9FCD-3C53D27DD241}"
EndProject
Project("{9A19103F-16F7-4668-BE54-9A1E7A4F7556}") = "TestChildrens", "TestChildrens\TestChildrens.csproj", "{5AB64B67-AB57-4DE1-85E6-163CE3E79A0F}"
EndProject
Project("{9A19103F-16F7-4668-BE54-9A1E7A4F7556}") = "Childrens.Core", "Childrens.Core\Childrens.Core.csproj", "{5C86CD8E-C45B-4F01-8EC5-D37F736291D5}"
EndProject
Project("{9A19103F-16F7-4668-BE54-9A1E7A4F7556}") = "Childrens.Data", "Childrens.Data\Childrens.Data.csproj", "{57A4D14A-3254-44A6-A349-F02291EDF52F}"
EndProject
Project("{FAE04EC0-301F-11D3-BF4B-00C04F79EFBC}") = "Childrens.Service", "Childrens.Service\Childrens.Service.csproj", "{BD8D7E15-1D01-46A2-BA23-B9D4B9205343}"
EndProject
Global
	GlobalSection(SolutionConfigurationPlatforms) = preSolution
		Debug|Any CPU = Debug|Any CPU
		Release|Any CPU = Release|Any CPU
	EndGlobalSection
	GlobalSection(ProjectConfigurationPlatforms) = postSolution
		{2EF95029-1693-483D-9FCD-3C53D27DD241}.Debug|Any CPU.ActiveCfg = Debug|Any CPU
		{2EF95029-1693-483D-9FCD-3C53D27DD241}.Debug|Any CPU.Build.0 = Debug|Any CPU
		{2EF95029-1693-483D-9FCD-3C53D27DD241}.Release|Any CPU.ActiveCfg = Release|Any CPU
		{2EF95029-1693-483D-9FCD-3C53D27DD241}.Release|Any CPU.Build.0 = Release|Any CPU
		{5AB64B67-AB57-4DE1-85E6-163CE3E79A0F}.Debug|Any CPU.ActiveCfg = Debug|Any CPU
		{5AB64B67-AB57-4DE1-85E6-163CE3E79A0F}.Debug|Any CPU.Build.0 = Debug|Any CPU
		{5AB64B67-AB57-4DE1-85E6-163CE3E79A0F}.Release|Any CPU.ActiveCfg = Release|Any CPU
		{5AB64B67-AB57-4DE1-85E6-163CE3E79A0F}.Release|Any CPU.Build.0 = Release|Any CPU
		{5C86CD8E-C45B-4F01-8EC5-D37F736291D5}.Debug|Any CPU.ActiveCfg = Debug|Any CPU
		{5C86CD8E-C45B-4F01-8EC5-D37F736291D5}.Debug|Any CPU.Build.0 = Debug|Any CPU
		{5C86CD8E-C45B-4F01-8EC5-D37F736291D5}.Release|Any CPU.ActiveCfg = Release|Any CPU
		{5C86CD8E-C45B-4F01-8EC5-D37F736291D5}.Release|Any CPU.Build.0 = Release|Any CPU
		{57A4D14A-3254-44A6-A349-F02291EDF52F}.Debug|Any CPU.ActiveCfg = Debug|Any CPU
		{57A4D14A-3254-44A6-A349-F02291EDF52F}.Debug|Any CPU.Build.0 = Debug|Any CPU
		{57A4D14A-3254-44A6-A349-F02291EDF52F}.Release|Any CPU.ActiveCfg = Release|Any CPU
		{57A4D14A-3254-44A6-A349-F02291EDF52F}.Release|Any CPU.Build.0 = Release|Any CPU
		{BD8D7E15-1D01-46A2-BA23-B9D4B9205343}.Debug|Any CPU.ActiveCfg = Debug|Any CPU
		{BD8D7E15-1D01-46A2-BA23-B9D4B9205343}.Debug|Any CPU.Build.0 = Debug|Any CPU
		{BD8D7E15-1D01-46A2-BA23-B9D4B9205343}.Release|Any CPU.ActiveCfg = Release|Any CPU
		{BD8D7E15-1D01-46A2-BA23-B9D4B9205343}.Release|Any CPU.Build.0 = Release|Any CPU
	EndGlobalSection
	GlobalSection(SolutionProperties) = preSolution
		HideSolutionNode = FALSE
	EndGlobalSection
	GlobalSection(ExtensibilityGlobals) = postSolution
		SolutionGuid = {6CF3E90F-E7D3-4407-836A-8BA17D3785A9}
	EndGlobalSection
EndGlobal
